
Microsoft Visual Studio Solution File, Format Version 12.00
# Visual Studio Version 17
VisualStudioVersion = 17.5.002.0
MinimumVisualStudioVersion = 10.0.40219.1
Project("{2150E333-8FDC-42A3-9474-1A3956D46DE8}") = "backend", "backend", "{E463F84F-EE23-4D21-A1D8-1A43E552336A}"
EndProject
Project("{9A19103F-16F7-4668-BE54-9A1E7A4F7556}") = "api", "backend\api\api.csproj", "{F18C57EC-6450-4A57-8DD6-08612090FAF1}"
EndProject
Global
	GlobalSection(SolutionConfigurationPlatforms) = preSolution
		Debug|Any CPU = Debug|Any CPU
		Release|Any CPU = Release|Any CPU
	EndGlobalSection
	GlobalSection(ProjectConfigurationPlatforms) = postSolution
		{F18C57EC-6450-4A57-8DD6-08612090FAF1}.Debug|Any CPU.ActiveCfg = Debug|Any CPU
		{F18C57EC-6450-4A57-8DD6-08612090FAF1}.Debug|Any CPU.Build.0 = Debug|Any CPU
		{F18C57EC-6450-4A57-8DD6-08612090FAF1}.Release|Any CPU.ActiveCfg = Release|Any CPU
		{F18C57EC-6450-4A57-8DD6-08612090FAF1}.Release|Any CPU.Build.0 = Release|Any CPU
	EndGlobalSection
	GlobalSection(SolutionProperties) = preSolution
		HideSolutionNode = FALSE
	EndGlobalSection
	GlobalSection(NestedProjects) = preSolution
		{F18C57EC-6450-4A57-8DD6-08612090FAF1} = {E463F84F-EE23-4D21-A1D8-1A43E552336A}
	EndGlobalSection
	GlobalSection(ExtensibilityGlobals) = postSolution
		SolutionGuid = {E755CD93-81CA-4748-BEE6-1A569399622C}
	EndGlobalSection
EndGlobal
